
Microsoft Visual Studio Solution File, Format Version 12.00
# Visual Studio Version 16
VisualStudioVersion = 16.0.29728.190
MinimumVisualStudioVersion = 10.0.40219.1
Project("{FAE04EC0-301F-11D3-BF4B-00C04F79EFBC}") = "DataAccessLayer", "DataAccessLayer\DataAccessLayer.csproj", "{5EFA0AFB-E7B5-43B4-A269-2BC139A125A9}"
EndProject
Project("{FAE04EC0-301F-11D3-BF4B-00C04F79EFBC}") = "BusinessLayer", "BusinessLayer\BusinessLayer.csproj", "{CC1B58F3-37FF-4329-96CB-D24C07F5DCC4}"
EndProject
Project("{FAE04EC0-301F-11D3-BF4B-00C04F79EFBC}") = "DataAccessLayer.Ado", "DataAccessLayer.Ado\DataAccessLayer.Ado.csproj", "{828CF229-D6D5-4D33-AA29-CC956CB7011B}"
EndProject
Project("{FAE04EC0-301F-11D3-BF4B-00C04F79EFBC}") = "DataAccessLayer.EF", "DataAccessLayer.EF\DataAccessLayer.EF.csproj", "{DC917D99-33C3-4E28-BEE3-A33658FC5BD2}"
EndProject
Project("{FAE04EC0-301F-11D3-BF4B-00C04F79EFBC}") = "DataAccessLayer.Test", "DataAccessLayer.Test\DataAccessLayer.Test.csproj", "{76CB46B4-1EBA-4A37-A63A-A4244DB487B1}"
EndProject
Global
	GlobalSection(SolutionConfigurationPlatforms) = preSolution
		Debug|Any CPU = Debug|Any CPU
		Release|Any CPU = Release|Any CPU
	EndGlobalSection
	GlobalSection(ProjectConfigurationPlatforms) = postSolution
		{5EFA0AFB-E7B5-43B4-A269-2BC139A125A9}.Debug|Any CPU.ActiveCfg = Debug|Any CPU
		{5EFA0AFB-E7B5-43B4-A269-2BC139A125A9}.Debug|Any CPU.Build.0 = Debug|Any CPU
		{5EFA0AFB-E7B5-43B4-A269-2BC139A125A9}.Release|Any CPU.ActiveCfg = Release|Any CPU
		{5EFA0AFB-E7B5-43B4-A269-2BC139A125A9}.Release|Any CPU.Build.0 = Release|Any CPU
		{CC1B58F3-37FF-4329-96CB-D24C07F5DCC4}.Debug|Any CPU.ActiveCfg = Debug|Any CPU
		{CC1B58F3-37FF-4329-96CB-D24C07F5DCC4}.Debug|Any CPU.Build.0 = Debug|Any CPU
		{CC1B58F3-37FF-4329-96CB-D24C07F5DCC4}.Release|Any CPU.ActiveCfg = Release|Any CPU
		{CC1B58F3-37FF-4329-96CB-D24C07F5DCC4}.Release|Any CPU.Build.0 = Release|Any CPU
		{828CF229-D6D5-4D33-AA29-CC956CB7011B}.Debug|Any CPU.ActiveCfg = Debug|Any CPU
		{828CF229-D6D5-4D33-AA29-CC956CB7011B}.Debug|Any CPU.Build.0 = Debug|Any CPU
		{828CF229-D6D5-4D33-AA29-CC956CB7011B}.Release|Any CPU.ActiveCfg = Release|Any CPU
		{828CF229-D6D5-4D33-AA29-CC956CB7011B}.Release|Any CPU.Build.0 = Release|Any CPU
		{DC917D99-33C3-4E28-BEE3-A33658FC5BD2}.Debug|Any CPU.ActiveCfg = Debug|Any CPU
		{DC917D99-33C3-4E28-BEE3-A33658FC5BD2}.Debug|Any CPU.Build.0 = Debug|Any CPU
		{DC917D99-33C3-4E28-BEE3-A33658FC5BD2}.Release|Any CPU.ActiveCfg = Release|Any CPU
		{DC917D99-33C3-4E28-BEE3-A33658FC5BD2}.Release|Any CPU.Build.0 = Release|Any CPU
		{76CB46B4-1EBA-4A37-A63A-A4244DB487B1}.Debug|Any CPU.ActiveCfg = Debug|Any CPU
		{76CB46B4-1EBA-4A37-A63A-A4244DB487B1}.Debug|Any CPU.Build.0 = Debug|Any CPU
		{76CB46B4-1EBA-4A37-A63A-A4244DB487B1}.Release|Any CPU.ActiveCfg = Release|Any CPU
		{76CB46B4-1EBA-4A37-A63A-A4244DB487B1}.Release|Any CPU.Build.0 = Release|Any CPU
	EndGlobalSection
	GlobalSection(SolutionProperties) = preSolution
		HideSolutionNode = FALSE
	EndGlobalSection
	GlobalSection(ExtensibilityGlobals) = postSolution
		SolutionGuid = {AB7833FF-61D5-4118-AA0A-4498BB81911C}
	EndGlobalSection
EndGlobal
